
Microsoft Visual Studio Solution File, Format Version 12.00
# Visual Studio Version 17
VisualStudioVersion = 17.0.31903.59
MinimumVisualStudioVersion = 10.0.40219.1
Project("{FAE04EC0-301F-11D3-BF4B-00C04F79EFBC}") = "Persistence", "source\Persistence.csproj", "{B7621F7E-D018-4071-8FD5-245CE12134A6}"
EndProject
Project("{FAE04EC0-301F-11D3-BF4B-00C04F79EFBC}") = "Persistence.Tests", "tests\Persistence.Tests.csproj", "{D06E035A-2AFB-4A83-B9DE-79FD06AD9326}"
EndProject
Global
	GlobalSection(SolutionConfigurationPlatforms) = preSolution
		Debug|Any CPU = Debug|Any CPU
		Debug|x64 = Debug|x64
		Debug|x86 = Debug|x86
		Release|Any CPU = Release|Any CPU
		Release|x64 = Release|x64
		Release|x86 = Release|x86
	EndGlobalSection
	GlobalSection(ProjectConfigurationPlatforms) = postSolution
		{B7621F7E-D018-4071-8FD5-245CE12134A6}.Debug|Any CPU.ActiveCfg = Debug|Any CPU
		{B7621F7E-D018-4071-8FD5-245CE12134A6}.Debug|Any CPU.Build.0 = Debug|Any CPU
		{B7621F7E-D018-4071-8FD5-245CE12134A6}.Debug|x64.ActiveCfg = Debug|Any CPU
		{B7621F7E-D018-4071-8FD5-245CE12134A6}.Debug|x64.Build.0 = Debug|Any CPU
		{B7621F7E-D018-4071-8FD5-245CE12134A6}.Debug|x86.ActiveCfg = Debug|Any CPU
		{B7621F7E-D018-4071-8FD5-245CE12134A6}.Debug|x86.Build.0 = Debug|Any CPU
		{B7621F7E-D018-4071-8FD5-245CE12134A6}.Release|Any CPU.ActiveCfg = Release|Any CPU
		{B7621F7E-D018-4071-8FD5-245CE12134A6}.Release|Any CPU.Build.0 = Release|Any CPU
		{B7621F7E-D018-4071-8FD5-245CE12134A6}.Release|x64.ActiveCfg = Release|Any CPU
		{B7621F7E-D018-4071-8FD5-245CE12134A6}.Release|x64.Build.0 = Release|Any CPU
		{B7621F7E-D018-4071-8FD5-245CE12134A6}.Release|x86.ActiveCfg = Release|Any CPU
		{B7621F7E-D018-4071-8FD5-245CE12134A6}.Release|x86.Build.0 = Release|Any CPU
		{D06E035A-2AFB-4A83-B9DE-79FD06AD9326}.Debug|Any CPU.ActiveCfg = Debug|Any CPU
		{D06E035A-2AFB-4A83-B9DE-79FD06AD9326}.Debug|Any CPU.Build.0 = Debug|Any CPU
		{D06E035A-2AFB-4A83-B9DE-79FD06AD9326}.Debug|x64.ActiveCfg = Debug|Any CPU
		{D06E035A-2AFB-4A83-B9DE-79FD06AD9326}.Debug|x64.Build.0 = Debug|Any CPU
		{D06E035A-2AFB-4A83-B9DE-79FD06AD9326}.Debug|x86.ActiveCfg = Debug|Any CPU
		{D06E035A-2AFB-4A83-B9DE-79FD06AD9326}.Debug|x86.Build.0 = Debug|Any CPU
		{D06E035A-2AFB-4A83-B9DE-79FD06AD9326}.Release|Any CPU.ActiveCfg = Release|Any CPU
		{D06E035A-2AFB-4A83-B9DE-79FD06AD9326}.Release|Any CPU.Build.0 = Release|Any CPU
		{D06E035A-2AFB-4A83-B9DE-79FD06AD9326}.Release|x64.ActiveCfg = Release|Any CPU
		{D06E035A-2AFB-4A83-B9DE-79FD06AD9326}.Release|x64.Build.0 = Release|Any CPU
		{D06E035A-2AFB-4A83-B9DE-79FD06AD9326}.Release|x86.ActiveCfg = Release|Any CPU
		{D06E035A-2AFB-4A83-B9DE-79FD06AD9326}.Release|x86.Build.0 = Release|Any CPU
	EndGlobalSection
	GlobalSection(SolutionProperties) = preSolution
		HideSolutionNode = FALSE
	EndGlobalSection
	GlobalSection(NestedProjects) = preSolution
		{B7621F7E-D018-4071-8FD5-245CE12134A6} = {B8EFCA5F-814F-285C-A8CB-F00F14650265}
		{D06E035A-2AFB-4A83-B9DE-79FD06AD9326} = {0AB3BF05-4346-4AA6-1389-037BE0695223}
	EndGlobalSection
EndGlobal
